{
  "schema_version": 1,
  "endstone": {
    "upstream_url": "https://github.com/EndstoneMC/endstone.git",
    "version": "0.11.12",
    "tag": "v0.11.12",
    "commit": "1c71186cba896c5e0bc432384a8a8e72dfb2a626",
    "package_version": "0.11.12+endbot.1"
  },
  "bds": {
    "version": "1.26.51.1",
    "build": 51061372,
    "protocol": 2193
  },
  "support_status": "validated-baseline"
}
